# This file is generated by running "yarn install" inside your project.
# Manual changes might be lost - proceed with caution!

__metadata:
  version: 5
  cacheKey: 8

"cryptoWallet@workspace:.":
  version: 0.0.0-use.local
  resolution: "cryptoWallet@workspace:."
  dependencies:
    jquery: ^3.6.0
    notify-js-legacy: ^0.4.1
  languageName: unknown
  linkType: soft

"jquery@npm:^3.6.0":
  version: 3.6.0
  resolution: "jquery@npm:3.6.0"
  checksum: 8fd5fef4aa48fd374ec716dd1c1df1af407814a228e15c1260ca140de3a697c2a77c30c54ff1d238b6a3ab4ddc445ddeef9adce6c6d28e4869d85eb9d3951c0e
  languageName: node
  linkType: hard

"notify-js-legacy@npm:^0.4.1":
  version: 0.4.1
  resolution: "notify-js-legacy@npm:0.4.1"
  checksum: b880271e66461fba6e754656bb3a8602696ce00fe8caadeef351e9fc1cc222c223f05e9d2f3a56867311a6078f00ee1eab40020de9a86d7b8a367a39d1f5a6d8
  languageName: node
  linkType: hard
